
Microsoft Visual Studio Solution File, Format Version 12.00
# Visual Studio 14
VisualStudioVersion = 14.0.25420.1
MinimumVisualStudioVersion = 10.0.40219.1
Project("{FAE04EC0-301F-11D3-BF4B-00C04F79EFBC}") = "ConsoleApplication1", "ConsoleApplication1\ConsoleApplication1.csproj", "{B28E62AB-76D7-49BB-A3D5-5EBCC7329468}"
EndProject
Global
	GlobalSection(SolutionConfigurationPlatforms) = preSolution
		Debug|Any CPU = Debug|Any CPU
		Release|Any CPU = Release|Any CPU
	EndGlobalSection
	GlobalSection(ProjectConfigurationPlatforms) = postSolution
		{B28E62AB-76D7-49BB-A3D5-5EBCC7329468}.Debug|Any CPU.ActiveCfg = Debug|Any CPU
		{B28E62AB-76D7-49BB-A3D5-5EBCC7329468}.Debug|Any CPU.Build.0 = Debug|Any CPU
		{B28E62AB-76D7-49BB-A3D5-5EBCC7329468}.Release|Any CPU.ActiveCfg = Release|Any CPU
		{B28E62AB-76D7-49BB-A3D5-5EBCC7329468}.Release|Any CPU.Build.0 = Release|Any CPU
	EndGlobalSection
	GlobalSection(SolutionProperties) = preSolution
		HideSolutionNode = FALSE
	EndGlobalSection
EndGlobal
